
Microsoft Visual Studio Solution File, Format Version 12.00
# Visual Studio Version 16
VisualStudioVersion = 16.0.33027.164
MinimumVisualStudioVersion = 10.0.40219.1
Project("{888888A0-9F3D-457C-B088-3A5042F75D52}") = "Laborator_02", "Laborator_02.pyproj", "{0615AF8B-FCFF-4D84-9D1C-12648F21A0C6}"
EndProject
Global
	GlobalSection(SolutionConfigurationPlatforms) = preSolution
		Debug|Any CPU = Debug|Any CPU
		Release|Any CPU = Release|Any CPU
	EndGlobalSection
	GlobalSection(ProjectConfigurationPlatforms) = postSolution
		{0615AF8B-FCFF-4D84-9D1C-12648F21A0C6}.Debug|Any CPU.ActiveCfg = Debug|Any CPU
		{0615AF8B-FCFF-4D84-9D1C-12648F21A0C6}.Release|Any CPU.ActiveCfg = Release|Any CPU
	EndGlobalSection
	GlobalSection(SolutionProperties) = preSolution
		HideSolutionNode = FALSE
	EndGlobalSection
	GlobalSection(ExtensibilityGlobals) = postSolution
		SolutionGuid = {E5C0D0B6-B1E4-4D86-9E27-01F54517DC44}
	EndGlobalSection
EndGlobal
