
Microsoft Visual Studio Solution File, Format Version 12.00
# Visual Studio Version 16
VisualStudioVersion = 16.0.31729.503
MinimumVisualStudioVersion = 10.0.40219.1
Project("{888888A0-9F3D-457C-B088-3A5042F75D52}") = "Lab8", "Lab8\Lab8.pyproj", "{D68D611A-A351-4897-B1FC-64B357AC6810}"
EndProject
Global
	GlobalSection(SolutionConfigurationPlatforms) = preSolution
		Debug|Any CPU = Debug|Any CPU
		Release|Any CPU = Release|Any CPU
	EndGlobalSection
	GlobalSection(ProjectConfigurationPlatforms) = postSolution
		{D68D611A-A351-4897-B1FC-64B357AC6810}.Debug|Any CPU.ActiveCfg = Debug|Any CPU
		{D68D611A-A351-4897-B1FC-64B357AC6810}.Release|Any CPU.ActiveCfg = Release|Any CPU
	EndGlobalSection
	GlobalSection(SolutionProperties) = preSolution
		HideSolutionNode = FALSE
	EndGlobalSection
	GlobalSection(ExtensibilityGlobals) = postSolution
		SolutionGuid = {0364C762-D274-40EC-8FF7-80C60DFCD852}
	EndGlobalSection
EndGlobal
